{
  "originHash" : "f07b1cd5ead9ce2f4bd2e550675666d0ec47ae8860ce141b238cccdf786c831d",
  "pins" : [
    {
      "identity" : "mrtdreader",
      "kind" : "remoteSourceControl",
      "location" : "https://github.com/arsenstorm/MRTDReader",
      "state" : {
        "revision" : "5a7c19da5e8eb91865b725974a7df24b8ad6ee9a",
        "version" : "4.0.5"
      }
    },
    {
      "identity" : "openssl-package",
      "kind" : "remoteSourceControl",
      "location" : "https://github.com/krzyzanowskim/OpenSSL-Package.git",
      "state" : {
        "revision" : "71dbe0b4514cdaad95961470db72e8231f5943a6",
        "version" : "3.3.3001"
      }
    }
  ],
  "version" : 3
}
