{
  "originHash" : "e76a25472f917f0d793149f2e6ad0edb1b2b9ea959410408f64f036ba4ee2667",
  "pins" : [
    {
      "identity" : "capnproto-swift",
      "kind" : "remoteSourceControl",
      "location" : "https://github.com/arsenstorm/capnproto-swift.git",
      "state" : {
        "revision" : "00411f6c44fd68d5ad7468f03e5bcc29a9350c7b",
        "version" : "1.0.0"
      }
    },
    {
      "identity" : "mrtdreader",
      "kind" : "remoteSourceControl",
      "location" : "https://github.com/arsenstorm/MRTDReader",
      "state" : {
        "revision" : "5a7c19da5e8eb91865b725974a7df24b8ad6ee9a",
        "version" : "4.0.5"
      }
    },
    {
      "identity" : "openssl-package",
      "kind" : "remoteSourceControl",
      "location" : "https://github.com/krzyzanowskim/OpenSSL-Package.git",
      "state" : {
        "revision" : "71dbe0b4514cdaad95961470db72e8231f5943a6",
        "version" : "3.3.3001"
      }
    }
  ],
  "version" : 3
}
